PODS:
  - Charts (4.1.0):
    - Charts/Core (= 4.1.0)
  - Charts/Core (4.1.0):
    - SwiftAlgorithms (~> 1.0)
  - FloatingPanel (2.5.5)
  - SDWebImage (5.14.0):
    - SDWebImage/Core (= 5.14.0)
  - SDWebImage/Core (5.14.0)
  - SwiftAlgorithms (1.0.0)

DEPENDENCIES:
  - Charts
  - FloatingPanel
  - SDWebImage

SPEC REPOS:
  trunk:
    - Charts
    - FloatingPanel
    - SDWebImage
    - SwiftAlgorithms

SPEC CHECKSUMS:
  Charts: 354f86803d11d9c35de280587fef50d1af063978
  FloatingPanel: a27e7827e0f710fa6236fe2596dd1b5484cb4fc1
  SDWebImage: 9e391cf38577742f501055dca17e4987f6713fe1
  SwiftAlgorithms: 38dda4731d19027fdeee1125f973111bf3386b53

PODFILE CHECKSUM: e21e0aa393e72c74eab7ad5a23d44e99cc97669f

COCOAPODS: 1.11.3
